
Microsoft Visual Studio Solution File, Format Version 12.00
# Visual Studio Version 16
VisualStudioVersion = 16.0.31729.503
MinimumVisualStudioVersion = 10.0.40219.1
Project("{9A19103F-16F7-4668-BE54-9A1E7A4F7556}") = "WebApp", "WebApp\WebApp.csproj", "{97482352-A19E-4676-BD10-265BE9A2B4E6}"
EndProject
Project("{9A19103F-16F7-4668-BE54-9A1E7A4F7556}") = "WebApp.Commons", "WebApp.Commons\WebApp.Commons.csproj", "{47EAE340-910F-4623-8B19-C42E79F471CD}"
EndProject
Project("{9A19103F-16F7-4668-BE54-9A1E7A4F7556}") = "WebApp.Interfaces", "WebApp.Interfaces\WebApp.Interfaces.csproj", "{B4273347-1BC5-4BF4-8E57-5BB71D481F5F}"
EndProject
Project("{9A19103F-16F7-4668-BE54-9A1E7A4F7556}") = "WebDemo.Maps", "WebDemo.Maps\WebDemo.Maps.csproj", "{040BAC70-94D0-4386-8E20-07E0F160D790}"
EndProject
Project("{9A19103F-16F7-4668-BE54-9A1E7A4F7556}") = "WebDemo.Models", "WebDemo.Models\WebDemo.Models.csproj", "{75342548-D7C0-48EE-B044-36A01B722FA6}"
EndProject
Project("{9A19103F-16F7-4668-BE54-9A1E7A4F7556}") = "WebDemo.Repositories", "WebDemo.Repositories\WebDemo.Repositories.csproj", "{9E2177CC-BABD-4DF0-A2FD-89FA1849BFC9}"
EndProject
Project("{9A19103F-16F7-4668-BE54-9A1E7A4F7556}") = "WebDemo.Services", "WebDemo.Services\WebDemo.Services.csproj", "{F53B9992-DD2C-4490-A6AB-787EDFF7B303}"
EndProject
Project("{9A19103F-16F7-4668-BE54-9A1E7A4F7556}") = "WebDemo.ViewModels", "WebDemo.ViewModels\WebDemo.ViewModels.csproj", "{2425E37E-8BC3-4AEB-A6B4-B87338820914}"
EndProject
Project("{FAE04EC0-301F-11D3-BF4B-00C04F79EFBC}") = "Tests", "Tests\Tests.csproj", "{E397EDB8-5379-4AF1-9AB6-54A43E8E0E3C}"
EndProject
Global
	GlobalSection(SolutionConfigurationPlatforms) = preSolution
		Debug|Any CPU = Debug|Any CPU
		Release|Any CPU = Release|Any CPU
	EndGlobalSection
	GlobalSection(ProjectConfigurationPlatforms) = postSolution
		{97482352-A19E-4676-BD10-265BE9A2B4E6}.Debug|Any CPU.ActiveCfg = Debug|Any CPU
		{97482352-A19E-4676-BD10-265BE9A2B4E6}.Debug|Any CPU.Build.0 = Debug|Any CPU
		{97482352-A19E-4676-BD10-265BE9A2B4E6}.Release|Any CPU.ActiveCfg = Release|Any CPU
		{97482352-A19E-4676-BD10-265BE9A2B4E6}.Release|Any CPU.Build.0 = Release|Any CPU
		{47EAE340-910F-4623-8B19-C42E79F471CD}.Debug|Any CPU.ActiveCfg = Debug|Any CPU
		{47EAE340-910F-4623-8B19-C42E79F471CD}.Debug|Any CPU.Build.0 = Debug|Any CPU
		{47EAE340-910F-4623-8B19-C42E79F471CD}.Release|Any CPU.ActiveCfg = Release|Any CPU
		{47EAE340-910F-4623-8B19-C42E79F471CD}.Release|Any CPU.Build.0 = Release|Any CPU
		{B4273347-1BC5-4BF4-8E57-5BB71D481F5F}.Debug|Any CPU.ActiveCfg = Debug|Any CPU
		{B4273347-1BC5-4BF4-8E57-5BB71D481F5F}.Debug|Any CPU.Build.0 = Debug|Any CPU
		{B4273347-1BC5-4BF4-8E57-5BB71D481F5F}.Release|Any CPU.ActiveCfg = Release|Any CPU
		{B4273347-1BC5-4BF4-8E57-5BB71D481F5F}.Release|Any CPU.Build.0 = Release|Any CPU
		{040BAC70-94D0-4386-8E20-07E0F160D790}.Debug|Any CPU.ActiveCfg = Debug|Any CPU
		{040BAC70-94D0-4386-8E20-07E0F160D790}.Debug|Any CPU.Build.0 = Debug|Any CPU
		{040BAC70-94D0-4386-8E20-07E0F160D790}.Release|Any CPU.ActiveCfg = Release|Any CPU
		{040BAC70-94D0-4386-8E20-07E0F160D790}.Release|Any CPU.Build.0 = Release|Any CPU
		{75342548-D7C0-48EE-B044-36A01B722FA6}.Debug|Any CPU.ActiveCfg = Debug|Any CPU
		{75342548-D7C0-48EE-B044-36A01B722FA6}.Debug|Any CPU.Build.0 = Debug|Any CPU
		{75342548-D7C0-48EE-B044-36A01B722FA6}.Release|Any CPU.ActiveCfg = Release|Any CPU
		{75342548-D7C0-48EE-B044-36A01B722FA6}.Release|Any CPU.Build.0 = Release|Any CPU
		{9E2177CC-BABD-4DF0-A2FD-89FA1849BFC9}.Debug|Any CPU.ActiveCfg = Debug|Any CPU
		{9E2177CC-BABD-4DF0-A2FD-89FA1849BFC9}.Debug|Any CPU.Build.0 = Debug|Any CPU
		{9E2177CC-BABD-4DF0-A2FD-89FA1849BFC9}.Release|Any CPU.ActiveCfg = Release|Any CPU
		{9E2177CC-BABD-4DF0-A2FD-89FA1849BFC9}.Release|Any CPU.Build.0 = Release|Any CPU
		{F53B9992-DD2C-4490-A6AB-787EDFF7B303}.Debug|Any CPU.ActiveCfg = Debug|Any CPU
		{F53B9992-DD2C-4490-A6AB-787EDFF7B303}.Debug|Any CPU.Build.0 = Debug|Any CPU
		{F53B9992-DD2C-4490-A6AB-787EDFF7B303}.Release|Any CPU.ActiveCfg = Release|Any CPU
		{F53B9992-DD2C-4490-A6AB-787EDFF7B303}.Release|Any CPU.Build.0 = Release|Any CPU
		{2425E37E-8BC3-4AEB-A6B4-B87338820914}.Debug|Any CPU.ActiveCfg = Debug|Any CPU
		{2425E37E-8BC3-4AEB-A6B4-B87338820914}.Debug|Any CPU.Build.0 = Debug|Any CPU
		{2425E37E-8BC3-4AEB-A6B4-B87338820914}.Release|Any CPU.ActiveCfg = Release|Any CPU
		{2425E37E-8BC3-4AEB-A6B4-B87338820914}.Release|Any CPU.Build.0 = Release|Any CPU
		{E397EDB8-5379-4AF1-9AB6-54A43E8E0E3C}.Debug|Any CPU.ActiveCfg = Debug|Any CPU
		{E397EDB8-5379-4AF1-9AB6-54A43E8E0E3C}.Debug|Any CPU.Build.0 = Debug|Any CPU
		{E397EDB8-5379-4AF1-9AB6-54A43E8E0E3C}.Release|Any CPU.ActiveCfg = Release|Any CPU
		{E397EDB8-5379-4AF1-9AB6-54A43E8E0E3C}.Release|Any CPU.Build.0 = Release|Any CPU
	EndGlobalSection
	GlobalSection(SolutionProperties) = preSolution
		HideSolutionNode = FALSE
	EndGlobalSection
	GlobalSection(ExtensibilityGlobals) = postSolution
		SolutionGuid = {ECF7F0E4-D823-45A9-A92C-536D84091F7A}
	EndGlobalSection
EndGlobal
